github.com/go-while/nodare-db-dev/client/clilib v0.0.0-20240614070458-654cc81878a0 h1:OX+scStdC/hGYgOlGUHCyv+x4Gschx97Kyw77s7G3uA=
github.com/go-while/nodare-db-dev/client/clilib v0.0.0-20240614070458-654cc81878a0/go.mod h1:KZvxsD2U3A49DUtu+CwW3FBtJyR4LIUAT4iR2Bof+5I=
github.com/go-while/nodare-db/logger v0.0.0-20240613090224-8b267fb9e164 h1:uxS057V8luNY1Boir4NIBnKKaUIV3Tw+CeKMPQK82H0=
github.com/go-while/nodare-db/logger v0.0.0-20240613090224-8b267fb9e164/go.mod h1:aTHbvtZhjVN1B4NYc2BTrnzWnS5G1V8wkI92QafBGBs=
