github.com/go-while/nodare-db-dev v0.0.0-20240615002744-b7aa522ed40f h1:Odk5o3RMnKAd7XgXjAPBVw1IPSx3pbZ2dIwOvtAaE70=
github.com/go-while/nodare-db-dev v0.0.0-20240615002744-b7aa522ed40f/go.mod h1:DPvV2Ea4kSieuEhcVE9F9b7vL5YksS6ZNk2E9hwZlAE=
github.com/go-while/nodare-db-dev v0.0.0-20240615003547-c028ae4f94a0 h1:wF9UncyDR5bZzlFecsOCItBvhp0/QNrmoGgWgyheSg0=
github.com/go-while/nodare-db-dev v0.0.0-20240615003547-c028ae4f94a0/go.mod h1:DPvV2Ea4kSieuEhcVE9F9b7vL5YksS6ZNk2E9hwZlAE=
github.com/go-while/nodare-db-dev v0.0.0-20240615003633-f835fdb2727b h1:eYmg88cFBBKtPO16IUrY46ioR8YtjPAwJ6yRrM7A9O8=
github.com/go-while/nodare-db-dev v0.0.0-20240615003633-f835fdb2727b/go.mod h1:DPvV2Ea4kSieuEhcVE9F9b7vL5YksS6ZNk2E9hwZlAE=
github.com/go-while/nodare-db-dev v0.0.0-20240615003651-f3a8993df168 h1:OeJGPlX7onEMkeK1hIGj/x8hXhg0xffbldfwU/DUpKA=
github.com/go-while/nodare-db-dev v0.0.0-20240615003651-f3a8993df168/go.mod h1:DPvV2Ea4kSieuEhcVE9F9b7vL5YksS6ZNk2E9hwZlAE=
github.com/go-while/nodare-db-dev/client/clilib v0.0.0-20240614070458-654cc81878a0 h1:OX+scStdC/hGYgOlGUHCyv+x4Gschx97Kyw77s7G3uA=
github.com/go-while/nodare-db-dev/client/clilib v0.0.0-20240614070458-654cc81878a0/go.mod h1:KZvxsD2U3A49DUtu+CwW3FBtJyR4LIUAT4iR2Bof+5I=
github.com/go-while/nodare-db-dev/client/clilib v0.0.0-20240615002744-b7aa522ed40f h1:DARTsUoELA24tNRJawePKEGeh79+5T0l71u7FUGFAhE=
github.com/go-while/nodare-db-dev/client/clilib v0.0.0-20240615002744-b7aa522ed40f/go.mod h1:EJOhLDUcTgkwNmA3BceQRuaVKYHwaNwSMu8yYUuIJIM=
github.com/go-while/nodare-db-dev/client/clilib v0.0.0-20240615003547-c028ae4f94a0 h1:RhSyOumuDlFQB6Y1mXQFe2zdiThtwkgmd8aWrxNDIZY=
github.com/go-while/nodare-db-dev/client/clilib v0.0.0-20240615003547-c028ae4f94a0/go.mod h1:Kqc2j6zPJdB9rUTLKmqz92gpzZWH8kdh2i7GzuLklY0=
github.com/go-while/nodare-db-dev/client/clilib v0.0.0-20240615003633-f835fdb2727b h1:c7/NCgWjjNNzjrKizK4UZsTgud8Rgx4aa36vEib9hPs=
github.com/go-while/nodare-db-dev/client/clilib v0.0.0-20240615003633-f835fdb2727b/go.mod h1:Kqc2j6zPJdB9rUTLKmqz92gpzZWH8kdh2i7GzuLklY0=
github.com/go-while/nodare-db-dev/client/clilib v0.0.0-20240615003651-f3a8993df168 h1:+/kZTEq6FTm5c0ga0uxidlGoZTZ8MHFPXKbPyDd3Elg=
github.com/go-while/nodare-db-dev/client/clilib v0.0.0-20240615003651-f3a8993df168/go.mod h1:Kqc2j6zPJdB9rUTLKmqz92gpzZWH8kdh2i7GzuLklY0=
github.com/go-while/nodare-db/logger v0.0.0-20240613090224-8b267fb9e164 h1:uxS057V8luNY1Boir4NIBnKKaUIV3Tw+CeKMPQK82H0=
github.com/go-while/nodare-db/logger v0.0.0-20240613090224-8b267fb9e164/go.mod h1:aTHbvtZhjVN1B4NYc2BTrnzWnS5G1V8wkI92QafBGBs=
