github.com/go-while/nodare-db-dev v0.0.0-20240615002744-b7aa522ed40f h1:Odk5o3RMnKAd7XgXjAPBVw1IPSx3pbZ2dIwOvtAaE70=
github.com/go-while/nodare-db-dev v0.0.0-20240615002744-b7aa522ed40f/go.mod h1:DPvV2Ea4kSieuEhcVE9F9b7vL5YksS6ZNk2E9hwZlAE=
github.com/go-while/nodare-db-dev v0.0.0-20240615003547-c028ae4f94a0 h1:wF9UncyDR5bZzlFecsOCItBvhp0/QNrmoGgWgyheSg0=
github.com/go-while/nodare-db-dev v0.0.0-20240615003547-c028ae4f94a0/go.mod h1:DPvV2Ea4kSieuEhcVE9F9b7vL5YksS6ZNk2E9hwZlAE=
github.com/go-while/nodare-db-dev v0.0.0-20240615003633-f835fdb2727b h1:eYmg88cFBBKtPO16IUrY46ioR8YtjPAwJ6yRrM7A9O8=
github.com/go-while/nodare-db-dev v0.0.0-20240615003633-f835fdb2727b/go.mod h1:DPvV2Ea4kSieuEhcVE9F9b7vL5YksS6ZNk2E9hwZlAE=
github.com/go-while/nodare-db-dev v0.0.0-20240615003651-f3a8993df168 h1:OeJGPlX7onEMkeK1hIGj/x8hXhg0xffbldfwU/DUpKA=
github.com/go-while/nodare-db-dev v0.0.0-20240615003651-f3a8993df168/go.mod h1:DPvV2Ea4kSieuEhcVE9F9b7vL5YksS6ZNk2E9hwZlAE=
